
Microsoft Visual Studio Solution File, Format Version 11.00
# Visual Studio 2010
Project("{FAE04EC0-301F-11D3-BF4B-00C04F79EFBC}") = "Assembly-CSharp", "Assembly-CSharp.csproj", "{5779ffae-ca16-9140-b13c-0946e9c52124}"
EndProject
Project("{FAE04EC0-301F-11D3-BF4B-00C04F79EFBC}") = "Assembly-CSharp-firstpass", "Assembly-CSharp-firstpass.csproj", "{050ed805-4eaa-b3ca-db0f-eb2d764cc6b9}"
EndProject
Global
	GlobalSection(SolutionConfigurationPlatforms) = preSolution
		Debug|Any CPU = Debug|Any CPU
	EndGlobalSection
	GlobalSection(ProjectConfigurationPlatforms) = postSolution
		{5779ffae-ca16-9140-b13c-0946e9c52124}.Debug|Any CPU.ActiveCfg = Debug|Any CPU
		{5779ffae-ca16-9140-b13c-0946e9c52124}.Debug|Any CPU.Build.0 = Debug|Any CPU
		{050ed805-4eaa-b3ca-db0f-eb2d764cc6b9}.Debug|Any CPU.ActiveCfg = Debug|Any CPU
		{050ed805-4eaa-b3ca-db0f-eb2d764cc6b9}.Debug|Any CPU.Build.0 = Debug|Any CPU
	EndGlobalSection
	GlobalSection(SolutionProperties) = preSolution
		HideSolutionNode = FALSE
	EndGlobalSection
EndGlobal
